
Microsoft Visual Studio Solution File, Format Version 12.00
# Visual Studio Version 16
VisualStudioVersion = 16.0.31321.278
MinimumVisualStudioVersion = 10.0.40219.1
Project("{FAE04EC0-301F-11D3-BF4B-00C04F79EFBC}") = "Subtitle_Directorium", "Subtitle_Directorium\Subtitle_Directorium.csproj", "{B77E23A6-1417-4109-826E-7FBD24F9B347}"
EndProject
Global
	GlobalSection(SolutionConfigurationPlatforms) = preSolution
		Debug|Any CPU = Debug|Any CPU
		Release|Any CPU = Release|Any CPU
	EndGlobalSection
	GlobalSection(ProjectConfigurationPlatforms) = postSolution
		{B77E23A6-1417-4109-826E-7FBD24F9B347}.Debug|Any CPU.ActiveCfg = Debug|Any CPU
		{B77E23A6-1417-4109-826E-7FBD24F9B347}.Debug|Any CPU.Build.0 = Debug|Any CPU
		{B77E23A6-1417-4109-826E-7FBD24F9B347}.Release|Any CPU.ActiveCfg = Release|Any CPU
		{B77E23A6-1417-4109-826E-7FBD24F9B347}.Release|Any CPU.Build.0 = Release|Any CPU
	EndGlobalSection
	GlobalSection(SolutionProperties) = preSolution
		HideSolutionNode = FALSE
	EndGlobalSection
	GlobalSection(ExtensibilityGlobals) = postSolution
		SolutionGuid = {318FFD52-4FE6-4E5E-97F8-ACDE7D98FF89}
	EndGlobalSection
EndGlobal
